
Microsoft Visual Studio Solution File, Format Version 12.00
# Visual Studio Version 16
VisualStudioVersion = 16.0.31129.286
MinimumVisualStudioVersion = 10.0.40219.1
Project("{FAE04EC0-301F-11D3-BF4B-00C04F79EFBC}") = "EventManager.App", "EventManager.App.csproj", "{27D894E8-96F4-414F-A818-927F945BDF00}"
EndProject
Project("{FAE04EC0-301F-11D3-BF4B-00C04F79EFBC}") = "EventManager.Domain", "..\EventManager.Core\EventManager.Domain.csproj", "{BEB06B7B-63C5-468D-B555-3928B9EB2312}"
EndProject
Project("{FAE04EC0-301F-11D3-BF4B-00C04F79EFBC}") = "EventManager.Application", "..\EventManager.Application\EventManager.Application.csproj", "{C5547E0F-D9C0-415D-95C2-122F9AABD33B}"
EndProject
Project("{FAE04EC0-301F-11D3-BF4B-00C04F79EFBC}") = "EventManager.Infrastructure", "..\EventManager.Infrastructure\EventManager.Infrastructure.csproj", "{C7E38272-D065-46F2-80E3-36FF71B226CF}"
EndProject
Global
	GlobalSection(SolutionConfigurationPlatforms) = preSolution
		Debug|Any CPU = Debug|Any CPU
		Release|Any CPU = Release|Any CPU
	EndGlobalSection
	GlobalSection(ProjectConfigurationPlatforms) = postSolution
		{27D894E8-96F4-414F-A818-927F945BDF00}.Debug|Any CPU.ActiveCfg = Debug|Any CPU
		{27D894E8-96F4-414F-A818-927F945BDF00}.Debug|Any CPU.Build.0 = Debug|Any CPU
		{27D894E8-96F4-414F-A818-927F945BDF00}.Release|Any CPU.ActiveCfg = Release|Any CPU
		{27D894E8-96F4-414F-A818-927F945BDF00}.Release|Any CPU.Build.0 = Release|Any CPU
		{BEB06B7B-63C5-468D-B555-3928B9EB2312}.Debug|Any CPU.ActiveCfg = Debug|Any CPU
		{BEB06B7B-63C5-468D-B555-3928B9EB2312}.Debug|Any CPU.Build.0 = Debug|Any CPU
		{BEB06B7B-63C5-468D-B555-3928B9EB2312}.Release|Any CPU.ActiveCfg = Release|Any CPU
		{BEB06B7B-63C5-468D-B555-3928B9EB2312}.Release|Any CPU.Build.0 = Release|Any CPU
		{C5547E0F-D9C0-415D-95C2-122F9AABD33B}.Debug|Any CPU.ActiveCfg = Debug|Any CPU
		{C5547E0F-D9C0-415D-95C2-122F9AABD33B}.Debug|Any CPU.Build.0 = Debug|Any CPU
		{C5547E0F-D9C0-415D-95C2-122F9AABD33B}.Release|Any CPU.ActiveCfg = Release|Any CPU
		{C5547E0F-D9C0-415D-95C2-122F9AABD33B}.Release|Any CPU.Build.0 = Release|Any CPU
		{C7E38272-D065-46F2-80E3-36FF71B226CF}.Debug|Any CPU.ActiveCfg = Debug|Any CPU
		{C7E38272-D065-46F2-80E3-36FF71B226CF}.Debug|Any CPU.Build.0 = Debug|Any CPU
		{C7E38272-D065-46F2-80E3-36FF71B226CF}.Release|Any CPU.ActiveCfg = Release|Any CPU
		{C7E38272-D065-46F2-80E3-36FF71B226CF}.Release|Any CPU.Build.0 = Release|Any CPU
	EndGlobalSection
	GlobalSection(SolutionProperties) = preSolution
		HideSolutionNode = FALSE
	EndGlobalSection
	GlobalSection(ExtensibilityGlobals) = postSolution
		SolutionGuid = {CD737D87-F003-4C69-80CD-43866C91DF9E}
	EndGlobalSection
EndGlobal
